// !$*UTF8*$!
{
	archiveVersion = 1;
	classes = {
	};
	objectVersion = 46;
	objects = {

/* Begin PBXBuildFile section */
		947589111E72EF4B0078365B /* AppDelegate.swift in Sources */ = {isa = PBXBuildFile; fileRef = 947589101E72EF4B0078365B /* AppDelegate.swift */; };
		947589131E72EF4B0078365B /* ViewController.swift in Sources */ = {isa = PBXBuildFile; fileRef = 947589121E72EF4B0078365B /* ViewController.swift */; };
		947589161E72EF4B0078365B /* Main.storyboard in Resources */ = {isa = PBXBuildFile; fileRef = 947589141E72EF4B0078365B /* Main.storyboard */; };
		947589191E72EF4B0078365B /* CloneTinder.xcdatamodeld in Sources */ = {isa = PBXBuildFile; fileRef = 947589171E72EF4B0078365B /* CloneTinder.xcdatamodeld */; };
		9475891B1E72EF4B0078365B /* Assets.xcassets in Resources */ = {isa = PBXBuildFile; fileRef = 9475891A1E72EF4B0078365B /* Assets.xcassets */; };
		9475891E1E72EF4B0078365B /* LaunchScreen.storyboard in Resources */ = {isa = PBXBuildFile; fileRef = 9475891C1E72EF4B0078365B /* LaunchScreen.storyboard */; };
/* End PBXBuildFile section */

/* Begin PBXFileReference section */
		9475890D1E72EF4B0078365B /* CloneTinder.app */ = {isa = PBXFileReference; explicitFileType = wrapper.application; includeInIndex = 0; path = CloneTinder.app; sourceTree = BUILT_PRODUCTS_DIR; };
		947589101E72EF4B0078365B /* AppDelegate.swift */ = {isa = PBXFileReference; lastKnownFileType = sourcecode.swift; path = AppDelegate.swift; sourceTree = "<group>"; };
		947589121E72EF4B0078365B /* ViewController.swift */ = {isa = PBXFileReference; lastKnownFileType = sourcecode.swift; path = ViewController.swift; sourceTree = "<group>"; };
		947589151E72EF4B0078365B /* Base */ = {isa = PBXFileReference; lastKnownFileType = file.storyboard; name = Base; path = Base.lproj/Main.storyboard; sourceTree = "<group>"; };
		947589181E72EF4B0078365B /* CloneTinder.xcdatamodel */ = {isa = PBXFileReference; lastKnownFileType = wrapper.xcdatamodel; path = CloneTinder.xcdatamodel; sourceTree = "<group>"; };
		9475891A1E72EF4B0078365B /* Assets.xcassets */ = {isa = PBXFileReference; lastKnownFileType = folder.assetcatalog; path = Assets.xcassets; sourceTree = "<group>"; };
		9475891D1E72EF4B0078365B /* Base */ = {isa = PBXFileReference; lastKnownFileType = file.storyboard; name = Base; path = Base.lproj/LaunchScreen.storyboard; sourceTree = "<group>"; };
		9475891F1E72EF4B0078365B /* Info.plist */ = {isa = PBXFileReference; lastKnownFileType = text.plist.xml; path = Info.plist; sourceTree = "<group>"; };
/* End PBXFileReference section */

/* Begin PBXFrameworksBuildPhase section */
		9475890A1E72EF4B0078365B /* Frameworks */ = {
			isa = PBXFrameworksBuildPhase;
			buildActionMask = 2147483647;
			files = (
			);
			runOnlyForDeploymentPostprocessing = 0;
		};
/* End PBXFrameworksBuildPhase section */

/* Begin PBXGroup section */
		947589041E72EF4B0078365B = {
			isa = PBXGroup;
			children = (
				9475890F1E72EF4B0078365B /* CloneTinder */,
				9475890E1E72EF4B0078365B /* Products */,
			);
			sourceTree = "<group>";
		};
		9475890E1E72EF4B0078365B /* Products */ = {
			isa = PBXGroup;
			children = (
				9475890D1E72EF4B0078365B /* CloneTinder.app */,
			);
			name = Products;
			sourceTree = "<group>";
		};
		9475890F1E72EF4B0078365B /* CloneTinder */ = {
			isa = PBXGroup;
			children = (
				947589101E72EF4B0078365B /* AppDelegate.swift */,
				947589121E72EF4B0078365B /* ViewController.swift */,
				947589141E72EF4B0078365B /* Main.storyboard */,
				9475891A1E72EF4B0078365B /* Assets.xcassets */,
				9475891C1E72EF4B0078365B /* LaunchScreen.storyboard */,
				9475891F1E72EF4B0078365B /* Info.plist */,
				947589171E72EF4B0078365B /* CloneTinder.xcdatamodeld */,
			);
			path = CloneTinder;
			sourceTree = "<group>";
		};
/* End PBXGroup section */

/* Begin PBXNativeTarget section */
		9475890C1E72EF4B0078365B /* CloneTinder */ = {
			isa = PBXNativeTarget;
			buildConfigurationList = 947589221E72EF4B0078365B /* Build configuration list for PBXNativeTarget "CloneTinder" */;
			buildPhases = (
				947589091E72EF4B0078365B /* Sources */,
				9475890A1E72EF4B0078365B /* Frameworks */,
				9475890B1E72EF4B0078365B /* Resources */,
			);
			buildRules = (
			);
			dependencies = (
			);
			name = CloneTinder;
			productName = CloneTinder;
			productReference = 9475890D1E72EF4B0078365B /* CloneTinder.app */;
			productType = "com.apple.product-type.application";
		};
/* End PBXNativeTarget section */

/* Begin PBXProject section */
		947589051E72EF4B0078365B /* Project object */ = {
			isa = PBXProject;
			attributes = {
				LastSwiftUpdateCheck = 0820;
				LastUpgradeCheck = 0820;
				ORGANIZATIONNAME = "André Luís  Campopiano";
				TargetAttributes = {
					9475890C1E72EF4B0078365B = {
						CreatedOnToolsVersion = 8.2.1;
						DevelopmentTeam = K2ZUEY4TKM;
						ProvisioningStyle = Automatic;
					};
				};
			};
			buildConfigurationList = 947589081E72EF4B0078365B /* Build configuration list for PBXProject "CloneTinder" */;
			compatibilityVersion = "Xcode 3.2";
			developmentRegion = English;
			hasScannedForEncodings = 0;
			knownRegions = (
				en,
				Base,
			);
			mainGroup = 947589041E72EF4B0078365B;
			productRefGroup = 9475890E1E72EF4B0078365B /* Products */;
			projectDirPath = "";
			projectRoot = "";
			targets = (
				9475890C1E72EF4B0078365B /* CloneTinder */,
			);
		};
/* End PBXProject section */

/* Begin PBXResourcesBuildPhase section */
		9475890B1E72EF4B0078365B /* Resources */ = {
			isa = PBXResourcesBuildPhase;
			buildActionMask = 2147483647;
			files = (
				9475891E1E72EF4B0078365B /* LaunchScreen.storyboard in Resources */,
				9475891B1E72EF4B0078365B /* Assets.xcassets in Resources */,
				947589161E72EF4B0078365B /* Main.storyboard in Resources */,
			);
			runOnlyForDeploymentPostprocessing = 0;
		};
/* End PBXResourcesBuildPhase section */

/* Begin PBXSourcesBuildPhase section */
		947589091E72EF4B0078365B /* Sources */ = {
			isa = PBXSourcesBuildPhase;
			buildActionMask = 2147483647;
			files = (
				947589131E72EF4B0078365B /* ViewController.swift in Sources */,
				947589191E72EF4B0078365B /* CloneTinder.xcdatamodeld in Sources */,
				947589111E72EF4B0078365B /* AppDelegate.swift in Sources */,
			);
			runOnlyForDeploymentPostprocessing = 0;
		};
/* End PBXSourcesBuildPhase section */

/* Begin PBXVariantGroup section */
		947589141E72EF4B0078365B /* Main.storyboard */ = {
			isa = PBXVariantGroup;
			children = (
				947589151E72EF4B0078365B /* Base */,
			);
			name = Main.storyboard;
			sourceTree = "<group>";
		};
		9475891C1E72EF4B0078365B /* LaunchScreen.storyboard */ = {
			isa = PBXVariantGroup;
			children = (
				9475891D1E72EF4B0078365B /* Base */,
			);
			name = LaunchScreen.storyboard;
			sourceTree = "<group>";
		};
/* End PBXVariantGroup section */

/* Begin XCBuildConfiguration section */
		947589201E72EF4B0078365B /* Debug */ = {
			isa = XCBuildConfiguration;
			buildSettings = {
				ALWAYS_SEARCH_USER_PATHS = NO;
				CLANG_ANALYZER_NONNULL = YES;
				CLANG_CXX_LANGUAGE_STANDARD = "gnu++0x";
				CLANG_CXX_LIBRARY = "libc++";
				CLANG_ENABLE_MODULES = YES;
				CLANG_ENABLE_OBJC_ARC = YES;
				CLANG_WARN_BOOL_CONVERSION = YES;
				CLANG_WARN_CONSTANT_CONVERSION = YES;
				CLANG_WARN_DIRECT_OBJC_ISA_USAGE = YES_ERROR;
				CLANG_WARN_DOCUMENTATION_COMMENTS = YES;
				CLANG_WARN_EMPTY_BODY = YES;
				CLANG_WARN_ENUM_CONVERSION = YES;
				CLANG_WARN_INFINITE_RECURSION = YES;
				CLANG_WARN_INT_CONVERSION = YES;
				CLANG_WARN_OBJC_ROOT_CLASS = YES_ERROR;
				CLANG_WARN_SUSPICIOUS_MOVE = YES;
				CLANG_WARN_UNREACHABLE_CODE = YES;
				CLANG_WARN__DUPLICATE_METHOD_MATCH = YES;
				"CODE_SIGN_IDENTITY[sdk=iphoneos*]" = "iPhone Developer";
				COPY_PHASE_STRIP = NO;
				DEBUG_INFORMATION_FORMAT = dwarf;
				ENABLE_STRICT_OBJC_MSGSEND = YES;
				ENABLE_TESTABILITY = YES;
				GCC_C_LANGUAGE_STANDARD = gnu99;
				GCC_DYNAMIC_NO_PIC = NO;
				GCC_NO_COMMON_BLOCKS = YES;
				GCC_OPTIMIZATION_LEVEL = 0;
				GCC_PREPROCESSOR_DEFINITIONS = (
					"DEBUG=1",
					"$(inherited)",
				);
				GCC_WARN_64_TO_32_BIT_CONVERSION = YES;
				GCC_WARN_ABOUT_RETURN_TYPE = YES_ERROR;
				GCC_WARN_UNDECLARED_SELECTOR = YES;
				GCC_WARN_UNINITIALIZED_AUTOS = YES_AGGRESSIVE;
				GCC_WARN_UNUSED_FUNCTION = YES;
				GCC_WARN_UNUSED_VARIABLE = YES;
				IPHONEOS_DEPLOYMENT_TARGET = 10.2;
				MTL_ENABLE_DEBUG_INFO = YES;
				ONLY_ACTIVE_ARCH = YES;
				SDKROOT = iphoneos;
				SWIFT_ACTIVE_COMPILATION_CONDITIONS = DEBUG;
				SWIFT_OPTIMIZATION_LEVEL = "-Onone";
				TARGETED_DEVICE_FAMILY = "1,2";
			};
			name = Debug;
		};
		947589211E72EF4B0078365B /* Release */ = {
			isa = XCBuildConfiguration;
			buildSettings = {
				ALWAYS_SEARCH_USER_PATHS = NO;
				CLANG_ANALYZER_NONNULL = YES;
				CLANG_CXX_LANGUAGE_STANDARD = "gnu++0x";
				CLANG_CXX_LIBRARY = "libc++";
				CLANG_ENABLE_MODULES = YES;
				CLANG_ENABLE_OBJC_ARC = YES;
				CLANG_WARN_BOOL_CONVERSION = YES;
				CLANG_WARN_CONSTANT_CONVERSION = YES;
				CLANG_WARN_DIRECT_OBJC_ISA_USAGE = YES_ERROR;
				CLANG_WARN_DOCUMENTATION_COMMENTS = YES;
				CLANG_WARN_EMPTY_BODY = YES;
				CLANG_WARN_ENUM_CONVERSION = YES;
				CLANG_WARN_INFINITE_RECURSION = YES;
				CLANG_WARN_INT_CONVERSION = YES;
				CLANG_WARN_OBJC_ROOT_CLASS = YES_ERROR;
				CLANG_WARN_SUSPICIOUS_MOVE = YES;
				CLANG_WARN_UNREACHABLE_CODE = YES;
				CLANG_WARN__DUPLICATE_METHOD_MATCH = YES;
				"CODE_SIGN_IDENTITY[sdk=iphoneos*]" = "iPhone Developer";
				COPY_PHASE_STRIP = NO;
				DEBUG_INFORMATION_FORMAT = "dwarf-with-dsym";
				ENABLE_NS_ASSERTIONS = NO;
				ENABLE_STRICT_OBJC_MSGSEND = YES;
				GCC_C_LANGUAGE_STANDARD = gnu99;
				GCC_NO_COMMON_BLOCKS = YES;
				GCC_WARN_64_TO_32_BIT_CONVERSION = YES;
				GCC_WARN_ABOUT_RETURN_TYPE = YES_ERROR;
				GCC_WARN_UNDECLARED_SELECTOR = YES;
				GCC_WARN_UNINITIALIZED_AUTOS = YES_AGGRESSIVE;
				GCC_WARN_UNUSED_FUNCTION = YES;
				GCC_WARN_UNUSED_VARIABLE = YES;
				IPHONEOS_DEPLOYMENT_TARGET = 10.2;
				MTL_ENABLE_DEBUG_INFO = NO;
				SDKROOT = iphoneos;
				SWIFT_OPTIMIZATION_LEVEL = "-Owholemodule";
				TARGETED_DEVICE_FAMILY = "1,2";
				VALIDATE_PRODUCT = YES;
			};
			name = Release;
		};
		947589231E72EF4B0078365B /* Debug */ = {
			isa = XCBuildConfiguration;
			buildSettings = {
				ASSETCATALOG_COMPILER_APPICON_NAME = AppIcon;
				DEVELOPMENT_TEAM = K2ZUEY4TKM;
				INFOPLIST_FILE = CloneTinder/Info.plist;
				LD_RUNPATH_SEARCH_PATHS = "$(inherited) @executable_path/Frameworks";
				PRODUCT_BUNDLE_IDENTIFIER = br.com.andrecampopiano.CloneTinder;
				PRODUCT_NAME = "$(TARGET_NAME)";
				SWIFT_VERSION = 3.0;
			};
			name = Debug;
		};
		947589241E72EF4B0078365B /* Release */ = {
			isa = XCBuildConfiguration;
			buildSettings = {
				ASSETCATALOG_COMPILER_APPICON_NAME = AppIcon;
				DEVELOPMENT_TEAM = K2ZUEY4TKM;
				INFOPLIST_FILE = CloneTinder/Info.plist;
				LD_RUNPATH_SEARCH_PATHS = "$(inherited) @executable_path/Frameworks";
				PRODUCT_BUNDLE_IDENTIFIER = br.com.andrecampopiano.CloneTinder;
				PRODUCT_NAME = "$(TARGET_NAME)";
				SWIFT_VERSION = 3.0;
			};
			name = Release;
		};
/* End XCBuildConfiguration section */

/* Begin XCConfigurationList section */
		947589081E72EF4B0078365B /* Build configuration list for PBXProject "CloneTinder" */ = {
			isa = XCConfigurationList;
			buildConfigurations = (
				947589201E72EF4B0078365B /* Debug */,
				947589211E72EF4B0078365B /* Release */,
			);
			defaultConfigurationIsVisible = 0;
			defaultConfigurationName = Release;
		};
		947589221E72EF4B0078365B /* Build configuration list for PBXNativeTarget "CloneTinder" */ = {
			isa = XCConfigurationList;
			buildConfigurations = (
				947589231E72EF4B0078365B /* Debug */,
				947589241E72EF4B0078365B /* Release */,
			);
			defaultConfigurationIsVisible = 0;
		};
/* End XCConfigurationList section */

/* Begin XCVersionGroup section */
		947589171E72EF4B0078365B /* CloneTinder.xcdatamodeld */ = {
			isa = XCVersionGroup;
			children = (
				947589181E72EF4B0078365B /* CloneTinder.xcdatamodel */,
			);
			currentVersion = 947589181E72EF4B0078365B /* CloneTinder.xcdatamodel */;
			path = CloneTinder.xcdatamodeld;
			sourceTree = "<group>";
			versionGroupType = wrapper.xcdatamodel;
		};
/* End XCVersionGroup section */
	};
	rootObject = 947589051E72EF4B0078365B /* Project object */;
}
